
Microsoft Visual Studio Solution File, Format Version 12.00
# Visual Studio Version 17
VisualStudioVersion = 17.0.31717.71
MinimumVisualStudioVersion = 10.0.40219.1
Project("{9A19103F-16F7-4668-BE54-9A1E7A4F7556}") = "Microsoft.PS.FlightingService.Api", "Microsoft.PS.FlightingService.Api\Microsoft.PS.FlightingService.Api.csproj", "{ABBD5AA8-3D2D-4D84-B5C2-DB307B4ED6DE}"
EndProject
Project("{9A19103F-16F7-4668-BE54-9A1E7A4F7556}") = "Microsoft.PS.FlightingService.Domain", "Microsoft.PS.FlightingService.Domain\Microsoft.PS.FlightingService.Domain.csproj", "{FEA62CA8-C29F-40D1-B8BE-3F9308935719}"
EndProject
Project("{9A19103F-16F7-4668-BE54-9A1E7A4F7556}") = "Microsoft.PS.FlightingService.Common", "Microsoft.PS.FlightingService.Common\Microsoft.PS.FlightingService.Common.csproj", "{1E6744DF-EA34-4B17-9C08-F8C28C1D9C8E}"
EndProject
Project("{2150E333-8FDC-42A3-9474-1A3956D46DE8}") = "Tests", "Tests", "{30A8043C-6B22-483C-822B-D9F8374D84C4}"
EndProject
Project("{9A19103F-16F7-4668-BE54-9A1E7A4F7556}") = "Microsoft.PS.FlightingService.Services", "Microsoft.PS.FlightingService.Services\Microsoft.PS.FlightingService.Services.csproj", "{67AEE20E-30EA-494F-97C1-44886330B024}"
EndProject
Project("{9A19103F-16F7-4668-BE54-9A1E7A4F7556}") = "Microsoft.PS.FlightingService.Services.Tests", "Tests\Services.Tests\Microsoft.PS.FlightingService.Services.Tests.csproj", "{998E1ED0-CCEB-4AEF-8686-B4228E51E6F3}"
EndProject
Project("{9A19103F-16F7-4668-BE54-9A1E7A4F7556}") = "Microsoft.PS.FlightingService.Api.Tests", "Tests\Api.Tests\Microsoft.PS.FlightingService.Api.Tests.csproj", "{0C5B6967-FA11-44B7-B6BC-3855036E32D7}"
EndProject
Project("{9A19103F-16F7-4668-BE54-9A1E7A4F7556}") = "Microsoft.PS.FlightingService.Common.Tests", "Tests\Common.Tests\Microsoft.PS.FlightingService.Common.Tests.csproj", "{C45C84FF-2FE0-4DEC-A605-89C833D23AFB}"
EndProject
Project("{9A19103F-16F7-4668-BE54-9A1E7A4F7556}") = "Microsoft.PS.FlightingService.Caching", "Microsoft.PS.FlightingService.Caching\Microsoft.PS.FlightingService.Caching.csproj", "{B4357D42-4FC4-4172-9B87-EAF9A1C81E30}"
EndProject
Project("{9A19103F-16F7-4668-BE54-9A1E7A4F7556}") = "Microsoft.PS.FlightingService.Caching.Tests", "Tests\Caching.Tests\Microsoft.PS.FlightingService.Caching.Tests.csproj", "{9F64DC8D-C521-4676-B641-20A2B91E0E61}"
EndProject
Global
	GlobalSection(SolutionConfigurationPlatforms) = preSolution
		Debug|Any CPU = Debug|Any CPU
		Release|Any CPU = Release|Any CPU
	EndGlobalSection
	GlobalSection(ProjectConfigurationPlatforms) = postSolution
		{ABBD5AA8-3D2D-4D84-B5C2-DB307B4ED6DE}.Debug|Any CPU.ActiveCfg = Debug|Any CPU
		{ABBD5AA8-3D2D-4D84-B5C2-DB307B4ED6DE}.Debug|Any CPU.Build.0 = Debug|Any CPU
		{ABBD5AA8-3D2D-4D84-B5C2-DB307B4ED6DE}.Release|Any CPU.ActiveCfg = Release|Any CPU
		{ABBD5AA8-3D2D-4D84-B5C2-DB307B4ED6DE}.Release|Any CPU.Build.0 = Release|Any CPU
		{FEA62CA8-C29F-40D1-B8BE-3F9308935719}.Debug|Any CPU.ActiveCfg = Debug|Any CPU
		{FEA62CA8-C29F-40D1-B8BE-3F9308935719}.Debug|Any CPU.Build.0 = Debug|Any CPU
		{FEA62CA8-C29F-40D1-B8BE-3F9308935719}.Release|Any CPU.ActiveCfg = Release|Any CPU
		{FEA62CA8-C29F-40D1-B8BE-3F9308935719}.Release|Any CPU.Build.0 = Release|Any CPU
		{1E6744DF-EA34-4B17-9C08-F8C28C1D9C8E}.Debug|Any CPU.ActiveCfg = Debug|Any CPU
		{1E6744DF-EA34-4B17-9C08-F8C28C1D9C8E}.Debug|Any CPU.Build.0 = Debug|Any CPU
		{1E6744DF-EA34-4B17-9C08-F8C28C1D9C8E}.Release|Any CPU.ActiveCfg = Release|Any CPU
		{1E6744DF-EA34-4B17-9C08-F8C28C1D9C8E}.Release|Any CPU.Build.0 = Release|Any CPU
		{67AEE20E-30EA-494F-97C1-44886330B024}.Debug|Any CPU.ActiveCfg = Debug|Any CPU
		{67AEE20E-30EA-494F-97C1-44886330B024}.Debug|Any CPU.Build.0 = Debug|Any CPU
		{67AEE20E-30EA-494F-97C1-44886330B024}.Release|Any CPU.ActiveCfg = Release|Any CPU
		{67AEE20E-30EA-494F-97C1-44886330B024}.Release|Any CPU.Build.0 = Release|Any CPU
		{998E1ED0-CCEB-4AEF-8686-B4228E51E6F3}.Debug|Any CPU.ActiveCfg = Debug|Any CPU
		{998E1ED0-CCEB-4AEF-8686-B4228E51E6F3}.Debug|Any CPU.Build.0 = Debug|Any CPU
		{998E1ED0-CCEB-4AEF-8686-B4228E51E6F3}.Release|Any CPU.ActiveCfg = Release|Any CPU
		{998E1ED0-CCEB-4AEF-8686-B4228E51E6F3}.Release|Any CPU.Build.0 = Release|Any CPU
		{0C5B6967-FA11-44B7-B6BC-3855036E32D7}.Debug|Any CPU.ActiveCfg = Debug|Any CPU
		{0C5B6967-FA11-44B7-B6BC-3855036E32D7}.Debug|Any CPU.Build.0 = Debug|Any CPU
		{0C5B6967-FA11-44B7-B6BC-3855036E32D7}.Release|Any CPU.ActiveCfg = Release|Any CPU
		{0C5B6967-FA11-44B7-B6BC-3855036E32D7}.Release|Any CPU.Build.0 = Release|Any CPU
		{C45C84FF-2FE0-4DEC-A605-89C833D23AFB}.Debug|Any CPU.ActiveCfg = Debug|Any CPU
		{C45C84FF-2FE0-4DEC-A605-89C833D23AFB}.Debug|Any CPU.Build.0 = Debug|Any CPU
		{C45C84FF-2FE0-4DEC-A605-89C833D23AFB}.Release|Any CPU.ActiveCfg = Release|Any CPU
		{C45C84FF-2FE0-4DEC-A605-89C833D23AFB}.Release|Any CPU.Build.0 = Release|Any CPU
		{B4357D42-4FC4-4172-9B87-EAF9A1C81E30}.Debug|Any CPU.ActiveCfg = Debug|Any CPU
		{B4357D42-4FC4-4172-9B87-EAF9A1C81E30}.Debug|Any CPU.Build.0 = Debug|Any CPU
		{B4357D42-4FC4-4172-9B87-EAF9A1C81E30}.Release|Any CPU.ActiveCfg = Release|Any CPU
		{B4357D42-4FC4-4172-9B87-EAF9A1C81E30}.Release|Any CPU.Build.0 = Release|Any CPU
		{9F64DC8D-C521-4676-B641-20A2B91E0E61}.Debug|Any CPU.ActiveCfg = Debug|Any CPU
		{9F64DC8D-C521-4676-B641-20A2B91E0E61}.Debug|Any CPU.Build.0 = Debug|Any CPU
		{9F64DC8D-C521-4676-B641-20A2B91E0E61}.Release|Any CPU.ActiveCfg = Release|Any CPU
		{9F64DC8D-C521-4676-B641-20A2B91E0E61}.Release|Any CPU.Build.0 = Release|Any CPU
	EndGlobalSection
	GlobalSection(SolutionProperties) = preSolution
		HideSolutionNode = FALSE
	EndGlobalSection
	GlobalSection(NestedProjects) = preSolution
		{998E1ED0-CCEB-4AEF-8686-B4228E51E6F3} = {30A8043C-6B22-483C-822B-D9F8374D84C4}
		{0C5B6967-FA11-44B7-B6BC-3855036E32D7} = {30A8043C-6B22-483C-822B-D9F8374D84C4}
		{C45C84FF-2FE0-4DEC-A605-89C833D23AFB} = {30A8043C-6B22-483C-822B-D9F8374D84C4}
		{9F64DC8D-C521-4676-B641-20A2B91E0E61} = {30A8043C-6B22-483C-822B-D9F8374D84C4}
	EndGlobalSection
	GlobalSection(ExtensibilityGlobals) = postSolution
		SolutionGuid = {7F5D0C1F-F497-47F3-813F-3C6DE1A2C801}
	EndGlobalSection
EndGlobal
