
Microsoft Visual Studio Solution File, Format Version 12.00
# Visual Studio Version 16
VisualStudioVersion = 16.0.31728.308
MinimumVisualStudioVersion = 10.0.40219.1
Project("{9A19103F-16F7-4668-BE54-9A1E7A4F7556}") = "Microsoft.FeatureFlighting.SDK", "sdk\dotnet\Microsoft.FeatureFlighting.SDK\Microsoft.FeatureFlighting.SDK.csproj", "{C16B84D3-FCD5-4A3E-8F64-7DCDC7C37F93}"
EndProject
Project("{9A19103F-16F7-4668-BE54-9A1E7A4F7556}") = "Microsoft.FeatureFlighting.Common", "service\Common\Microsoft.FeatureFlighting.Common.csproj", "{5C4E5752-FC65-4B2B-BA9E-1DB3425AB33F}"
EndProject
Project("{9A19103F-16F7-4668-BE54-9A1E7A4F7556}") = "Microsoft.FeatureFlighting.Core", "service\Domain\Microsoft.FeatureFlighting.Core.csproj", "{AF6D1713-2BEA-4CA2-88D5-72B82D9DA486}"
EndProject
Project("{9A19103F-16F7-4668-BE54-9A1E7A4F7556}") = "Microsoft.FeatureFlighting.Infrastructure", "service\Infrastructure\Microsoft.FeatureFlighting.Infrastructure.csproj", "{CE568167-2150-4BBC-A559-81517C4C14B9}"
EndProject
Project("{9A19103F-16F7-4668-BE54-9A1E7A4F7556}") = "sampleApp", "SampleTest\sampleApp.csproj", "{D592A7CF-E9DC-4986-977E-9CADB8DE89EF}"
EndProject
Global
	GlobalSection(SolutionConfigurationPlatforms) = preSolution
		Debug|Any CPU = Debug|Any CPU
		Release|Any CPU = Release|Any CPU
	EndGlobalSection
	GlobalSection(ProjectConfigurationPlatforms) = postSolution
		{C16B84D3-FCD5-4A3E-8F64-7DCDC7C37F93}.Debug|Any CPU.ActiveCfg = Debug|Any CPU
		{C16B84D3-FCD5-4A3E-8F64-7DCDC7C37F93}.Debug|Any CPU.Build.0 = Debug|Any CPU
		{C16B84D3-FCD5-4A3E-8F64-7DCDC7C37F93}.Release|Any CPU.ActiveCfg = Release|Any CPU
		{C16B84D3-FCD5-4A3E-8F64-7DCDC7C37F93}.Release|Any CPU.Build.0 = Release|Any CPU
		{5C4E5752-FC65-4B2B-BA9E-1DB3425AB33F}.Debug|Any CPU.ActiveCfg = Debug|Any CPU
		{5C4E5752-FC65-4B2B-BA9E-1DB3425AB33F}.Debug|Any CPU.Build.0 = Debug|Any CPU
		{5C4E5752-FC65-4B2B-BA9E-1DB3425AB33F}.Release|Any CPU.ActiveCfg = Release|Any CPU
		{5C4E5752-FC65-4B2B-BA9E-1DB3425AB33F}.Release|Any CPU.Build.0 = Release|Any CPU
		{AF6D1713-2BEA-4CA2-88D5-72B82D9DA486}.Debug|Any CPU.ActiveCfg = Debug|Any CPU
		{AF6D1713-2BEA-4CA2-88D5-72B82D9DA486}.Debug|Any CPU.Build.0 = Debug|Any CPU
		{AF6D1713-2BEA-4CA2-88D5-72B82D9DA486}.Release|Any CPU.ActiveCfg = Release|Any CPU
		{AF6D1713-2BEA-4CA2-88D5-72B82D9DA486}.Release|Any CPU.Build.0 = Release|Any CPU
		{CE568167-2150-4BBC-A559-81517C4C14B9}.Debug|Any CPU.ActiveCfg = Debug|Any CPU
		{CE568167-2150-4BBC-A559-81517C4C14B9}.Debug|Any CPU.Build.0 = Debug|Any CPU
		{CE568167-2150-4BBC-A559-81517C4C14B9}.Release|Any CPU.ActiveCfg = Release|Any CPU
		{CE568167-2150-4BBC-A559-81517C4C14B9}.Release|Any CPU.Build.0 = Release|Any CPU
		{D592A7CF-E9DC-4986-977E-9CADB8DE89EF}.Debug|Any CPU.ActiveCfg = Debug|Any CPU
		{D592A7CF-E9DC-4986-977E-9CADB8DE89EF}.Debug|Any CPU.Build.0 = Debug|Any CPU
		{D592A7CF-E9DC-4986-977E-9CADB8DE89EF}.Release|Any CPU.ActiveCfg = Release|Any CPU
		{D592A7CF-E9DC-4986-977E-9CADB8DE89EF}.Release|Any CPU.Build.0 = Release|Any CPU
	EndGlobalSection
	GlobalSection(SolutionProperties) = preSolution
		HideSolutionNode = FALSE
	EndGlobalSection
	GlobalSection(ExtensibilityGlobals) = postSolution
		SolutionGuid = {720BE60D-69F5-4BF8-AC67-30CDA1D32380}
	EndGlobalSection
EndGlobal
